
Microsoft Visual Studio Solution File, Format Version 12.00
# Visual Studio Version 17
VisualStudioVersion = 17.11.35312.102
MinimumVisualStudioVersion = 10.0.40219.1
Project("{FAE04EC0-301F-11D3-BF4B-00C04F79EFBC}") = "Api One Trick Pony Br", "Api One Trick Pony Br.csproj", "{7748F349-978A-49CC-B8AE-9265F6702F6E}"
EndProject
Global
	GlobalSection(SolutionConfigurationPlatforms) = preSolution
		Debug|Any CPU = Debug|Any CPU
		Release|Any CPU = Release|Any CPU
	EndGlobalSection
	GlobalSection(ProjectConfigurationPlatforms) = postSolution
		{7748F349-978A-49CC-B8AE-9265F6702F6E}.Debug|Any CPU.ActiveCfg = Debug|Any CPU
		{7748F349-978A-49CC-B8AE-9265F6702F6E}.Debug|Any CPU.Build.0 = Debug|Any CPU
		{7748F349-978A-49CC-B8AE-9265F6702F6E}.Release|Any CPU.ActiveCfg = Release|Any CPU
		{7748F349-978A-49CC-B8AE-9265F6702F6E}.Release|Any CPU.Build.0 = Release|Any CPU
	EndGlobalSection
	GlobalSection(SolutionProperties) = preSolution
		HideSolutionNode = FALSE
	EndGlobalSection
	GlobalSection(ExtensibilityGlobals) = postSolution
		SolutionGuid = {03336B87-14DB-4FC6-9B2C-4342DB9E92AA}
	EndGlobalSection
EndGlobal
